
Microsoft Visual Studio Solution File, Format Version 12.00
Project("{FAE04EC0-301F-11D3-BF4B-00C04F79EFBC}") = "TLD-Mining", "TLD-Mining\TLD-Mining.csproj", "{985C8326-A7CF-4435-8FD7-904420EA1AB9}"
EndProject
Global
	GlobalSection(SolutionConfigurationPlatforms) = preSolution
		Debug|Any CPU = Debug|Any CPU
		Release|Any CPU = Release|Any CPU
	EndGlobalSection
	GlobalSection(ProjectConfigurationPlatforms) = postSolution
		{985C8326-A7CF-4435-8FD7-904420EA1AB9}.Debug|Any CPU.ActiveCfg = Debug|Any CPU
		{985C8326-A7CF-4435-8FD7-904420EA1AB9}.Debug|Any CPU.Build.0 = Debug|Any CPU
		{985C8326-A7CF-4435-8FD7-904420EA1AB9}.Release|Any CPU.ActiveCfg = Release|Any CPU
		{985C8326-A7CF-4435-8FD7-904420EA1AB9}.Release|Any CPU.Build.0 = Release|Any CPU
	EndGlobalSection
EndGlobal
